
Microsoft Visual Studio Solution File, Format Version 12.00
# Visual Studio Version 17
VisualStudioVersion = 17.14.36915.13 d17.14
MinimumVisualStudioVersion = 10.0.40219.1
Project("{FAE04EC0-301F-11D3-BF4B-00C04F79EFBC}") = "GymManagement.PL", "GymManagement\GymManagement.PL.csproj", "{3FFA2129-BF84-4AA7-8079-4773318B8D94}"
EndProject
Project("{FAE04EC0-301F-11D3-BF4B-00C04F79EFBC}") = "GymManagement.DAL", "..\..\Session 02\GymManagement.DAL\GymManagement.DAL.csproj", "{F2E195F5-3C86-4C3D-8E86-DF12B92F1CC0}"
EndProject
Project("{FAE04EC0-301F-11D3-BF4B-00C04F79EFBC}") = "GymManagement.BLL", "..\..\Session 02\GymManagement.BLL\GymManagement.BLL.csproj", "{842167A8-7A1A-491B-A39B-A8D3DA550A66}"
EndProject
Global
	GlobalSection(SolutionConfigurationPlatforms) = preSolution
		Debug|Any CPU = Debug|Any CPU
		Release|Any CPU = Release|Any CPU
	EndGlobalSection
	GlobalSection(ProjectConfigurationPlatforms) = postSolution
		{3FFA2129-BF84-4AA7-8079-4773318B8D94}.Debug|Any CPU.ActiveCfg = Debug|Any CPU
		{3FFA2129-BF84-4AA7-8079-4773318B8D94}.Debug|Any CPU.Build.0 = Debug|Any CPU
		{3FFA2129-BF84-4AA7-8079-4773318B8D94}.Release|Any CPU.ActiveCfg = Release|Any CPU
		{3FFA2129-BF84-4AA7-8079-4773318B8D94}.Release|Any CPU.Build.0 = Release|Any CPU
		{F2E195F5-3C86-4C3D-8E86-DF12B92F1CC0}.Debug|Any CPU.ActiveCfg = Debug|Any CPU
		{F2E195F5-3C86-4C3D-8E86-DF12B92F1CC0}.Debug|Any CPU.Build.0 = Debug|Any CPU
		{F2E195F5-3C86-4C3D-8E86-DF12B92F1CC0}.Release|Any CPU.ActiveCfg = Release|Any CPU
		{F2E195F5-3C86-4C3D-8E86-DF12B92F1CC0}.Release|Any CPU.Build.0 = Release|Any CPU
		{842167A8-7A1A-491B-A39B-A8D3DA550A66}.Debug|Any CPU.ActiveCfg = Debug|Any CPU
		{842167A8-7A1A-491B-A39B-A8D3DA550A66}.Debug|Any CPU.Build.0 = Debug|Any CPU
		{842167A8-7A1A-491B-A39B-A8D3DA550A66}.Release|Any CPU.ActiveCfg = Release|Any CPU
		{842167A8-7A1A-491B-A39B-A8D3DA550A66}.Release|Any CPU.Build.0 = Release|Any CPU
	EndGlobalSection
	GlobalSection(SolutionProperties) = preSolution
		HideSolutionNode = FALSE
	EndGlobalSection
	GlobalSection(ExtensibilityGlobals) = postSolution
		SolutionGuid = {6347A137-A60C-4FFC-AA2D-295FA3CC0AA8}
	EndGlobalSection
EndGlobal
